<?xml version="1.0" encoding="utf-8"?>
<Project ToolsVersion="4.0" xmlns="http://schemas.microsoft.com/developer/msbuild/2003">
  <ItemGroup>
    <Filter Include="Generated Files">
      <UniqueIdentifier>{de51f7cd-be1b-4b55-80cf-36f5049692ab}</UniqueIdentifier>
    </Filter>
    <Filter Include="Source Files">
      <UniqueIdentifier>{2ef69ba7-b1a3-4f89-9230-25ab9316153e}</UniqueIdentifier>
      <Extensions>cpp;c;edl;def;</Extensions>
    </Filter>
    <Filter Include="Header Files">
      <UniqueIdentifier>{b8e1d846-db4d-4ec3-a9ff-c5dcf275416f}</UniqueIdentifier>
      <Extensions>h;hpp;</Extensions>
    </Filter>
    <Filter Include="Resource Files">
      <UniqueIdentifier>{1818b566-c24d-44f1-a60d-04377500f2fc}</UniqueIdentifier>
      <Extensions>rc;xml;pem;</Extensions>
    </Filter>
  </ItemGroup>
  <ItemGroup>
    <ClCompile Include="Enclave_t.c">
      <Filter>Generated Files</Filter>
    </ClCompile>
    <ClCompile Include="Enclave.cpp">
      <Filter>Source Files</Filter>
    </ClCompile>
  </ItemGroup>
  <ItemGroup>
    <ClInclude Include="Enclave_t.h">
      <Filter>Generated Files</Filter>
    </ClInclude>
    <ClInclude Include="ErrorCode.h">
      <Filter>Header Files</Filter>
    </ClInclude>
  </ItemGroup>
  <ItemGroup>
    <None Include="Enclave_private.pem">
      <Filter>Resource Files</Filter>
    </None>
  </ItemGroup>
  <ItemGroup>
    <Xml Include="Enclave.config.xml">
      <Filter>Resource Files</Filter>
    </Xml>
  </ItemGroup>
  <ItemGroup>
    <CustomBuild Include="Enclave.edl">
      <Filter>Source Files</Filter>
    </CustomBuild>
  </ItemGroup>
</Project>